
Microsoft Visual Studio Solution File, Format Version 12.00
# Visual Studio 15
VisualStudioVersion = 15.0.27004.2005
MinimumVisualStudioVersion = 10.0.40219.1
Project("{2150E333-8FDC-42A3-9474-1A3956D46DE8}") = "src", "src", "{243695E0-61E0-4CB5-B032-54167EB126A7}"
EndProject
Project("{9A19103F-16F7-4668-BE54-9A1E7A4F7556}") = "SqlD", "src\sql-d\SqlD.csproj", "{E846BDEA-B565-4339-B088-CB50A227418F}"
EndProject
Project("{2150E333-8FDC-42A3-9474-1A3956D46DE8}") = "tests", "tests", "{5CC2E2FC-6B9D-4D89-A348-F85C27287BBC}"
EndProject
Project("{9A19103F-16F7-4668-BE54-9A1E7A4F7556}") = "SqlD.Tests", "tests\sql-d\SqlD.Tests.csproj", "{6C1B5D92-63D9-4429-8551-E8A0F0EB6519}"
EndProject
Global
	GlobalSection(SolutionConfigurationPlatforms) = preSolution
		Debug|Any CPU = Debug|Any CPU
		Release|Any CPU = Release|Any CPU
	EndGlobalSection
	GlobalSection(ProjectConfigurationPlatforms) = postSolution
		{E846BDEA-B565-4339-B088-CB50A227418F}.Debug|Any CPU.ActiveCfg = Debug|Any CPU
		{E846BDEA-B565-4339-B088-CB50A227418F}.Debug|Any CPU.Build.0 = Debug|Any CPU
		{E846BDEA-B565-4339-B088-CB50A227418F}.Release|Any CPU.ActiveCfg = Release|Any CPU
		{E846BDEA-B565-4339-B088-CB50A227418F}.Release|Any CPU.Build.0 = Release|Any CPU
		{6C1B5D92-63D9-4429-8551-E8A0F0EB6519}.Debug|Any CPU.ActiveCfg = Debug|Any CPU
		{6C1B5D92-63D9-4429-8551-E8A0F0EB6519}.Debug|Any CPU.Build.0 = Debug|Any CPU
		{6C1B5D92-63D9-4429-8551-E8A0F0EB6519}.Release|Any CPU.ActiveCfg = Release|Any CPU
		{6C1B5D92-63D9-4429-8551-E8A0F0EB6519}.Release|Any CPU.Build.0 = Release|Any CPU
	EndGlobalSection
	GlobalSection(SolutionProperties) = preSolution
		HideSolutionNode = FALSE
	EndGlobalSection
	GlobalSection(NestedProjects) = preSolution
		{E846BDEA-B565-4339-B088-CB50A227418F} = {243695E0-61E0-4CB5-B032-54167EB126A7}
		{6C1B5D92-63D9-4429-8551-E8A0F0EB6519} = {5CC2E2FC-6B9D-4D89-A348-F85C27287BBC}
	EndGlobalSection
	GlobalSection(ExtensibilityGlobals) = postSolution
		SolutionGuid = {1A6FCA73-005F-41E0-A9A4-74F58DA42160}
	EndGlobalSection
EndGlobal
